
Microsoft Visual Studio Solution File, Format Version 12.00
# Visual Studio 15
VisualStudioVersion = 15.0.26510.0
MinimumVisualStudioVersion = 10.0.40219.1
Project("{2150E333-8FDC-42A3-9474-1A3956D46DE8}") = ".shared", ".shared", "{0C628DF3-B0E8-4D3F-95A1-3968FFFF18A0}"
	ProjectSection(SolutionItems) = preProject
		.gitignore = .gitignore
		GlobalAssemblyInfo.cs = GlobalAssemblyInfo.cs
		License.txt = License.txt
		LightCore.xml = LightCore.xml
	EndProjectSection
EndProject
Project("{9A19103F-16F7-4668-BE54-9A1E7A4F7556}") = "LightCore", "LightCore\LightCore.csproj", "{0AF037F7-2BD0-4B74-9E69-14AB66B6229D}"
EndProject
Project("{9A19103F-16F7-4668-BE54-9A1E7A4F7556}") = "LightCore.Configuration", "LightCore.Configuration\LightCore.Configuration.csproj", "{E6EE8318-134E-48F3-9B0E-D2E1B4E367EE}"
EndProject
Project("{2150E333-8FDC-42A3-9474-1A3956D46DE8}") = "Tests", "Tests", "{FEB21646-1224-4E30-8539-C389C55541C3}"
EndProject
Project("{9A19103F-16F7-4668-BE54-9A1E7A4F7556}") = "LightCore.Tests", "LightCore.Tests\LightCore.Tests.csproj", "{D9E2668B-F43D-49F6-A6F0-87BAB83A4825}"
EndProject
Project("{9A19103F-16F7-4668-BE54-9A1E7A4F7556}") = "LightCore.TestTypes", "LightCore.TestTypes\LightCore.TestTypes.csproj", "{1CD53578-DC44-4E02-A6C6-67F3AC49A481}"
EndProject
Project("{9A19103F-16F7-4668-BE54-9A1E7A4F7556}") = "LightCore.Configuration.Tests", "LightCore.Configuration.Tests\LightCore.Configuration.Tests.csproj", "{CCFBF268-5A6E-4E2C-A953-D4A657909204}"
EndProject
Project("{2150E333-8FDC-42A3-9474-1A3956D46DE8}") = "Integrations", "Integrations", "{57786DD9-9F98-4328-BD58-F6EC45411D7E}"
EndProject
Project("{2150E333-8FDC-42A3-9474-1A3956D46DE8}") = ".build", ".build", "{2600791D-7532-458C-BD31-5C13DFD83212}"
	ProjectSection(SolutionItems) = preProject
		build.cake = build.cake
		build.ps1 = build.ps1
	EndProjectSection
EndProject
Project("{9A19103F-16F7-4668-BE54-9A1E7A4F7556}") = "LightCore.CommonServiceLocator", "LightCore.CommonServiceLocator\LightCore.CommonServiceLocator.csproj", "{8C160E14-9F88-4DAA-B9EC-E6F688B79FD0}"
EndProject
Project("{9A19103F-16F7-4668-BE54-9A1E7A4F7556}") = "LightCore.Integration.AspNetCore", "LightCore.Integration.AspNetCore\LightCore.Integration.AspNetCore.csproj", "{B46B4993-F877-484C-9E59-ACED17D6D82E}"
EndProject
Global
	GlobalSection(SolutionConfigurationPlatforms) = preSolution
		Debug|Any CPU = Debug|Any CPU
		Release|Any CPU = Release|Any CPU
	EndGlobalSection
	GlobalSection(ProjectConfigurationPlatforms) = postSolution
		{0AF037F7-2BD0-4B74-9E69-14AB66B6229D}.Debug|Any CPU.ActiveCfg = Debug|Any CPU
		{0AF037F7-2BD0-4B74-9E69-14AB66B6229D}.Debug|Any CPU.Build.0 = Debug|Any CPU
		{0AF037F7-2BD0-4B74-9E69-14AB66B6229D}.Release|Any CPU.ActiveCfg = Release|Any CPU
		{0AF037F7-2BD0-4B74-9E69-14AB66B6229D}.Release|Any CPU.Build.0 = Release|Any CPU
		{E6EE8318-134E-48F3-9B0E-D2E1B4E367EE}.Debug|Any CPU.ActiveCfg = Debug|Any CPU
		{E6EE8318-134E-48F3-9B0E-D2E1B4E367EE}.Debug|Any CPU.Build.0 = Debug|Any CPU
		{E6EE8318-134E-48F3-9B0E-D2E1B4E367EE}.Release|Any CPU.ActiveCfg = Release|Any CPU
		{E6EE8318-134E-48F3-9B0E-D2E1B4E367EE}.Release|Any CPU.Build.0 = Release|Any CPU
		{D9E2668B-F43D-49F6-A6F0-87BAB83A4825}.Debug|Any CPU.ActiveCfg = Debug|Any CPU
		{D9E2668B-F43D-49F6-A6F0-87BAB83A4825}.Debug|Any CPU.Build.0 = Debug|Any CPU
		{D9E2668B-F43D-49F6-A6F0-87BAB83A4825}.Release|Any CPU.ActiveCfg = Release|Any CPU
		{D9E2668B-F43D-49F6-A6F0-87BAB83A4825}.Release|Any CPU.Build.0 = Release|Any CPU
		{1CD53578-DC44-4E02-A6C6-67F3AC49A481}.Debug|Any CPU.ActiveCfg = Debug|Any CPU
		{1CD53578-DC44-4E02-A6C6-67F3AC49A481}.Debug|Any CPU.Build.0 = Debug|Any CPU
		{1CD53578-DC44-4E02-A6C6-67F3AC49A481}.Release|Any CPU.ActiveCfg = Release|Any CPU
		{1CD53578-DC44-4E02-A6C6-67F3AC49A481}.Release|Any CPU.Build.0 = Release|Any CPU
		{CCFBF268-5A6E-4E2C-A953-D4A657909204}.Debug|Any CPU.ActiveCfg = Debug|Any CPU
		{CCFBF268-5A6E-4E2C-A953-D4A657909204}.Debug|Any CPU.Build.0 = Debug|Any CPU
		{CCFBF268-5A6E-4E2C-A953-D4A657909204}.Release|Any CPU.ActiveCfg = Release|Any CPU
		{CCFBF268-5A6E-4E2C-A953-D4A657909204}.Release|Any CPU.Build.0 = Release|Any CPU
		{8C160E14-9F88-4DAA-B9EC-E6F688B79FD0}.Debug|Any CPU.ActiveCfg = Debug|Any CPU
		{8C160E14-9F88-4DAA-B9EC-E6F688B79FD0}.Debug|Any CPU.Build.0 = Debug|Any CPU
		{8C160E14-9F88-4DAA-B9EC-E6F688B79FD0}.Release|Any CPU.ActiveCfg = Release|Any CPU
		{8C160E14-9F88-4DAA-B9EC-E6F688B79FD0}.Release|Any CPU.Build.0 = Release|Any CPU
		{B46B4993-F877-484C-9E59-ACED17D6D82E}.Debug|Any CPU.ActiveCfg = Debug|Any CPU
		{B46B4993-F877-484C-9E59-ACED17D6D82E}.Debug|Any CPU.Build.0 = Debug|Any CPU
		{B46B4993-F877-484C-9E59-ACED17D6D82E}.Release|Any CPU.ActiveCfg = Release|Any CPU
		{B46B4993-F877-484C-9E59-ACED17D6D82E}.Release|Any CPU.Build.0 = Release|Any CPU
	EndGlobalSection
	GlobalSection(SolutionProperties) = preSolution
		HideSolutionNode = FALSE
	EndGlobalSection
	GlobalSection(NestedProjects) = preSolution
		{D9E2668B-F43D-49F6-A6F0-87BAB83A4825} = {FEB21646-1224-4E30-8539-C389C55541C3}
		{1CD53578-DC44-4E02-A6C6-67F3AC49A481} = {FEB21646-1224-4E30-8539-C389C55541C3}
		{CCFBF268-5A6E-4E2C-A953-D4A657909204} = {FEB21646-1224-4E30-8539-C389C55541C3}
		{B46B4993-F877-484C-9E59-ACED17D6D82E} = {57786DD9-9F98-4328-BD58-F6EC45411D7E}
	EndGlobalSection
EndGlobal
