
Microsoft Visual Studio Solution File, Format Version 12.00
# Visual Studio 14
VisualStudioVersion = 14.0.23107.0
MinimumVisualStudioVersion = 10.0.40219.1
Project("{2150E333-8FDC-42A3-9474-1A3956D46DE8}") = "Examples", "Examples", "{B8E06B21-4FF2-459E-8735-0770133BDB98}"
	ProjectSection(SolutionItems) = preProject
		LightCore.xsd = LightCore.xsd
		SampleConfiguration.xml = SampleConfiguration.xml
	EndProjectSection
EndProject
Project("{2150E333-8FDC-42A3-9474-1A3956D46DE8}") = "Solution Items", "Solution Items", "{0C628DF3-B0E8-4D3F-95A1-3968FFFF18A0}"
	ProjectSection(SolutionItems) = preProject
		GlobalAssemblyInfo.cs = GlobalAssemblyInfo.cs
		License.txt = License.txt
		LightCore.xml = LightCore.xml
	EndProjectSection
EndProject
Project("{2150E333-8FDC-42A3-9474-1A3956D46DE8}") = "Tests", "Tests", "{1F5BFEA7-DB11-4E4D-92D3-F7E8E8CD0C12}"
EndProject
Project("{8BB2217D-0F2D-49D1-97BC-3654ED321F3B}") = "LightCore.ConsoleClient.Core", "Examples\LightCore.ConsoleClient.Core\LightCore.ConsoleClient.Core.xproj", "{C2274EE7-9A2F-41F3-AAFC-D02D080C5ADB}"
EndProject
Project("{8BB2217D-0F2D-49D1-97BC-3654ED321F3B}") = "LightCore", "LightCore\LightCore.xproj", "{EF29A41B-F79A-4DEC-BE47-7B3D470B36B3}"
EndProject
Project("{8BB2217D-0F2D-49D1-97BC-3654ED321F3B}") = "LightCore.Tests", "LightCore.Tests\LightCore.Tests.xproj", "{7D61EDFF-EB58-41E8-9950-171B0C91FA25}"
EndProject
Project("{8BB2217D-0F2D-49D1-97BC-3654ED321F3B}") = "LightCore.TestTypes", "LightCore.TestTypes\LightCore.TestTypes.xproj", "{7C981359-E781-436D-B871-EA9FE5356265}"
EndProject
Project("{8BB2217D-0F2D-49D1-97BC-3654ED321F3B}") = "LightCore.CommonServiceLocator", "LightCore.CommonServiceLocator\LightCore.CommonServiceLocator.xproj", "{9BDCEF88-2973-4ADA-9DCE-D49E69139F16}"
EndProject
Project("{8BB2217D-0F2D-49D1-97BC-3654ED321F3B}") = "LightCore.CommonServiceLocator.Tests", "LightCore.CommonServiceLocator.Tests\LightCore.CommonServiceLocator.Tests.xproj", "{2E16DF69-CF82-4A11-9AF6-DC10616B6367}"
EndProject
Project("{8BB2217D-0F2D-49D1-97BC-3654ED321F3B}") = "LightCore.Configuration", "LightCore.Configuration\LightCore.Configuration.xproj", "{70B12149-3F55-4B29-BD4D-2430F25A6F20}"
EndProject
Project("{8BB2217D-0F2D-49D1-97BC-3654ED321F3B}") = "LightCore.Configuration.Tests", "LightCore.Configuration.Tests\LightCore.Configuration.Tests.xproj", "{280CD873-95C3-466F-A041-17B85BE425D6}"
EndProject
Global
	GlobalSection(SolutionConfigurationPlatforms) = preSolution
		Debug|Any CPU = Debug|Any CPU
		Release|Any CPU = Release|Any CPU
	EndGlobalSection
	GlobalSection(ProjectConfigurationPlatforms) = postSolution
		{C2274EE7-9A2F-41F3-AAFC-D02D080C5ADB}.Debug|Any CPU.ActiveCfg = Debug|Any CPU
		{C2274EE7-9A2F-41F3-AAFC-D02D080C5ADB}.Debug|Any CPU.Build.0 = Debug|Any CPU
		{C2274EE7-9A2F-41F3-AAFC-D02D080C5ADB}.Release|Any CPU.ActiveCfg = Release|Any CPU
		{C2274EE7-9A2F-41F3-AAFC-D02D080C5ADB}.Release|Any CPU.Build.0 = Release|Any CPU
		{EF29A41B-F79A-4DEC-BE47-7B3D470B36B3}.Debug|Any CPU.ActiveCfg = Debug|Any CPU
		{EF29A41B-F79A-4DEC-BE47-7B3D470B36B3}.Debug|Any CPU.Build.0 = Debug|Any CPU
		{EF29A41B-F79A-4DEC-BE47-7B3D470B36B3}.Release|Any CPU.ActiveCfg = Release|Any CPU
		{EF29A41B-F79A-4DEC-BE47-7B3D470B36B3}.Release|Any CPU.Build.0 = Release|Any CPU
		{7D61EDFF-EB58-41E8-9950-171B0C91FA25}.Debug|Any CPU.ActiveCfg = Debug|Any CPU
		{7D61EDFF-EB58-41E8-9950-171B0C91FA25}.Debug|Any CPU.Build.0 = Debug|Any CPU
		{7D61EDFF-EB58-41E8-9950-171B0C91FA25}.Release|Any CPU.ActiveCfg = Release|Any CPU
		{7D61EDFF-EB58-41E8-9950-171B0C91FA25}.Release|Any CPU.Build.0 = Release|Any CPU
		{7C981359-E781-436D-B871-EA9FE5356265}.Debug|Any CPU.ActiveCfg = Debug|Any CPU
		{7C981359-E781-436D-B871-EA9FE5356265}.Debug|Any CPU.Build.0 = Debug|Any CPU
		{7C981359-E781-436D-B871-EA9FE5356265}.Release|Any CPU.ActiveCfg = Release|Any CPU
		{7C981359-E781-436D-B871-EA9FE5356265}.Release|Any CPU.Build.0 = Release|Any CPU
		{9BDCEF88-2973-4ADA-9DCE-D49E69139F16}.Debug|Any CPU.ActiveCfg = Debug|Any CPU
		{9BDCEF88-2973-4ADA-9DCE-D49E69139F16}.Debug|Any CPU.Build.0 = Debug|Any CPU
		{9BDCEF88-2973-4ADA-9DCE-D49E69139F16}.Release|Any CPU.ActiveCfg = Release|Any CPU
		{9BDCEF88-2973-4ADA-9DCE-D49E69139F16}.Release|Any CPU.Build.0 = Release|Any CPU
		{2E16DF69-CF82-4A11-9AF6-DC10616B6367}.Debug|Any CPU.ActiveCfg = Debug|Any CPU
		{2E16DF69-CF82-4A11-9AF6-DC10616B6367}.Debug|Any CPU.Build.0 = Debug|Any CPU
		{2E16DF69-CF82-4A11-9AF6-DC10616B6367}.Release|Any CPU.ActiveCfg = Release|Any CPU
		{2E16DF69-CF82-4A11-9AF6-DC10616B6367}.Release|Any CPU.Build.0 = Release|Any CPU
		{70B12149-3F55-4B29-BD4D-2430F25A6F20}.Debug|Any CPU.ActiveCfg = Debug|Any CPU
		{70B12149-3F55-4B29-BD4D-2430F25A6F20}.Debug|Any CPU.Build.0 = Debug|Any CPU
		{70B12149-3F55-4B29-BD4D-2430F25A6F20}.Release|Any CPU.ActiveCfg = Release|Any CPU
		{70B12149-3F55-4B29-BD4D-2430F25A6F20}.Release|Any CPU.Build.0 = Release|Any CPU
		{280CD873-95C3-466F-A041-17B85BE425D6}.Debug|Any CPU.ActiveCfg = Debug|Any CPU
		{280CD873-95C3-466F-A041-17B85BE425D6}.Debug|Any CPU.Build.0 = Debug|Any CPU
		{280CD873-95C3-466F-A041-17B85BE425D6}.Release|Any CPU.ActiveCfg = Release|Any CPU
		{280CD873-95C3-466F-A041-17B85BE425D6}.Release|Any CPU.Build.0 = Release|Any CPU
	EndGlobalSection
	GlobalSection(SolutionProperties) = preSolution
		HideSolutionNode = FALSE
	EndGlobalSection
	GlobalSection(NestedProjects) = preSolution
		{C2274EE7-9A2F-41F3-AAFC-D02D080C5ADB} = {B8E06B21-4FF2-459E-8735-0770133BDB98}
		{7D61EDFF-EB58-41E8-9950-171B0C91FA25} = {1F5BFEA7-DB11-4E4D-92D3-F7E8E8CD0C12}
		{7C981359-E781-436D-B871-EA9FE5356265} = {1F5BFEA7-DB11-4E4D-92D3-F7E8E8CD0C12}
		{2E16DF69-CF82-4A11-9AF6-DC10616B6367} = {1F5BFEA7-DB11-4E4D-92D3-F7E8E8CD0C12}
		{280CD873-95C3-466F-A041-17B85BE425D6} = {1F5BFEA7-DB11-4E4D-92D3-F7E8E8CD0C12}
	EndGlobalSection
EndGlobal
